// !$*UTF8*$!
{
	archiveVersion = 1;
	classes = {
	};
	objectVersion = 56;
	objects = {

/* Begin PBXBuildFile section */
		5901F37A2B3EE2C200957463 /* MenuBackButton.swift in Sources */ = {isa = PBXBuildFile; fileRef = 5901F3792B3EE2C200957463 /* MenuBackButton.swift */; };
		5901F37C2B3EE40500957463 /* DetailsView.swift in Sources */ = {isa = PBXBuildFile; fileRef = 5901F37B2B3EE40500957463 /* DetailsView.swift */; };
		5901F37E2B3EE42800957463 /* DetailsImageView.swift in Sources */ = {isa = PBXBuildFile; fileRef = 5901F37D2B3EE42800957463 /* DetailsImageView.swift */; };
		5901F3802B3EFAD400957463 /* DetailsDescriptionView.swift in Sources */ = {isa = PBXBuildFile; fileRef = 5901F37F2B3EFAD400957463 /* DetailsDescriptionView.swift */; };
		590AD4F62B362E2200918AFF /* TajMahalApp.swift in Sources */ = {isa = PBXBuildFile; fileRef = 590AD4F52B362E2200918AFF /* TajMahalApp.swift */; };
		590AD4FA2B362E2400918AFF /* Assets.xcassets in Resources */ = {isa = PBXBuildFile; fileRef = 590AD4F92B362E2400918AFF /* Assets.xcassets */; };
		590AD4FD2B362E2400918AFF /* Preview Assets.xcassets in Resources */ = {isa = PBXBuildFile; fileRef = 590AD4FC2B362E2400918AFF /* Preview Assets.xcassets */; };
		590AD5042B362FF700918AFF /* Model.swift in Sources */ = {isa = PBXBuildFile; fileRef = 590AD5032B362FF700918AFF /* Model.swift */; };
		590AD5062B36301A00918AFF /* ViewModel.swift in Sources */ = {isa = PBXBuildFile; fileRef = 590AD5052B36301A00918AFF /* ViewModel.swift */; };
		590AD5092B36307500918AFF /* WelcomeView.swift in Sources */ = {isa = PBXBuildFile; fileRef = 590AD5082B36307500918AFF /* WelcomeView.swift */; };
		590AD50B2B36308A00918AFF /* MenuView.swift in Sources */ = {isa = PBXBuildFile; fileRef = 590AD50A2B36308A00918AFF /* MenuView.swift */; };
		590AD50F2B363FCF00918AFF /* LaunchScreen.storyboard in Resources */ = {isa = PBXBuildFile; fileRef = 590AD50E2B363FCF00918AFF /* LaunchScreen.storyboard */; };
		592B753D2B3D9C2D009B4486 /* MenuMealRowView.swift in Sources */ = {isa = PBXBuildFile; fileRef = 592B753C2B3D9C2D009B4486 /* MenuMealRowView.swift */; };
		59493BB72B3C702100F8741E /* HeaderView.swift in Sources */ = {isa = PBXBuildFile; fileRef = 59493BB62B3C702100F8741E /* HeaderView.swift */; };
		59493BB92B3C719300F8741E /* RestaurantInfoView.swift in Sources */ = {isa = PBXBuildFile; fileRef = 59493BB82B3C719300F8741E /* RestaurantInfoView.swift */; };
		59493BBF2B3C768B00F8741E /* PlusJakartaSans-Medium.ttf in Resources */ = {isa = PBXBuildFile; fileRef = 59493BBE2B3C768B00F8741E /* PlusJakartaSans-Medium.ttf */; };
		59493BC12B3C85AD00F8741E /* Text+CustomFonts.swift in Sources */ = {isa = PBXBuildFile; fileRef = 59493BC02B3C85AD00F8741E /* Text+CustomFonts.swift */; };
		59493BC42B3C888200F8741E /* MenuAccessButtonView.swift in Sources */ = {isa = PBXBuildFile; fileRef = 59493BC32B3C888200F8741E /* MenuAccessButtonView.swift */; };
/* End PBXBuildFile section */

/* Begin PBXFileReference section */
		5901F3792B3EE2C200957463 /* MenuBackButton.swift */ = {isa = PBXFileReference; lastKnownFileType = sourcecode.swift; path = MenuBackButton.swift; sourceTree = "<group>"; };
		5901F37B2B3EE40500957463 /* DetailsView.swift */ = {isa = PBXFileReference; lastKnownFileType = sourcecode.swift; path = DetailsView.swift; sourceTree = "<group>"; };
		5901F37D2B3EE42800957463 /* DetailsImageView.swift */ = {isa = PBXFileReference; lastKnownFileType = sourcecode.swift; path = DetailsImageView.swift; sourceTree = "<group>"; };
		5901F37F2B3EFAD400957463 /* DetailsDescriptionView.swift */ = {isa = PBXFileReference; lastKnownFileType = sourcecode.swift; path = DetailsDescriptionView.swift; sourceTree = "<group>"; };
		590AD4F22B362E2200918AFF /* TajMahal.app */ = {isa = PBXFileReference; explicitFileType = wrapper.application; includeInIndex = 0; path = TajMahal.app; sourceTree = BUILT_PRODUCTS_DIR; };
		590AD4F52B362E2200918AFF /* TajMahalApp.swift */ = {isa = PBXFileReference; lastKnownFileType = sourcecode.swift; path = TajMahalApp.swift; sourceTree = "<group>"; };
		590AD4F92B362E2400918AFF /* Assets.xcassets */ = {isa = PBXFileReference; lastKnownFileType = folder.assetcatalog; path = Assets.xcassets; sourceTree = "<group>"; };
		590AD4FC2B362E2400918AFF /* Preview Assets.xcassets */ = {isa = PBXFileReference; lastKnownFileType = folder.assetcatalog; path = "Preview Assets.xcassets"; sourceTree = "<group>"; };
		590AD5032B362FF700918AFF /* Model.swift */ = {isa = PBXFileReference; lastKnownFileType = sourcecode.swift; path = Model.swift; sourceTree = "<group>"; };
		590AD5052B36301A00918AFF /* ViewModel.swift */ = {isa = PBXFileReference; lastKnownFileType = sourcecode.swift; path = ViewModel.swift; sourceTree = "<group>"; };
		590AD5082B36307500918AFF /* WelcomeView.swift */ = {isa = PBXFileReference; lastKnownFileType = sourcecode.swift; path = WelcomeView.swift; sourceTree = "<group>"; };
		590AD50A2B36308A00918AFF /* MenuView.swift */ = {isa = PBXFileReference; lastKnownFileType = sourcecode.swift; path = MenuView.swift; sourceTree = "<group>"; };
		590AD50C2B36346100918AFF /* Info.plist */ = {isa = PBXFileReference; lastKnownFileType = text.plist.xml; path = Info.plist; sourceTree = "<group>"; };
		590AD50E2B363FCF00918AFF /* LaunchScreen.storyboard */ = {isa = PBXFileReference; lastKnownFileType = file.storyboard; path = LaunchScreen.storyboard; sourceTree = "<group>"; };
		592B753C2B3D9C2D009B4486 /* MenuMealRowView.swift */ = {isa = PBXFileReference; lastKnownFileType = sourcecode.swift; path = MenuMealRowView.swift; sourceTree = "<group>"; };
		59493BB62B3C702100F8741E /* HeaderView.swift */ = {isa = PBXFileReference; lastKnownFileType = sourcecode.swift; path = HeaderView.swift; sourceTree = "<group>"; };
		59493BB82B3C719300F8741E /* RestaurantInfoView.swift */ = {isa = PBXFileReference; lastKnownFileType = sourcecode.swift; path = RestaurantInfoView.swift; sourceTree = "<group>"; };
		59493BBE2B3C768B00F8741E /* PlusJakartaSans-Medium.ttf */ = {isa = PBXFileReference; lastKnownFileType = file; path = "PlusJakartaSans-Medium.ttf"; sourceTree = "<group>"; };
		59493BC02B3C85AD00F8741E /* Text+CustomFonts.swift */ = {isa = PBXFileReference; lastKnownFileType = sourcecode.swift; path = "Text+CustomFonts.swift"; sourceTree = "<group>"; };
		59493BC32B3C888200F8741E /* MenuAccessButtonView.swift */ = {isa = PBXFileReference; lastKnownFileType = sourcecode.swift; path = MenuAccessButtonView.swift; sourceTree = "<group>"; };
/* End PBXFileReference section */

/* Begin PBXFrameworksBuildPhase section */
		590AD4EF2B362E2200918AFF /* Frameworks */ = {
			isa = PBXFrameworksBuildPhase;
			buildActionMask = 2147483647;
			files = (
			);
			runOnlyForDeploymentPostprocessing = 0;
		};
/* End PBXFrameworksBuildPhase section */

/* Begin PBXGroup section */
		5901F3782B3EDFD900957463 /* DetailsViews */ = {
			isa = PBXGroup;
			children = (
				5901F37B2B3EE40500957463 /* DetailsView.swift */,
				5901F37D2B3EE42800957463 /* DetailsImageView.swift */,
				5901F37F2B3EFAD400957463 /* DetailsDescriptionView.swift */,
			);
			path = DetailsViews;
			sourceTree = "<group>";
		};
		590AD4E92B362E2200918AFF = {
			isa = PBXGroup;
			children = (
				590AD4F42B362E2200918AFF /* TajMahal */,
				590AD4F32B362E2200918AFF /* Products */,
			);
			sourceTree = "<group>";
		};
		590AD4F32B362E2200918AFF /* Products */ = {
			isa = PBXGroup;
			children = (
				590AD4F22B362E2200918AFF /* TajMahal.app */,
			);
			name = Products;
			sourceTree = "<group>";
		};
		590AD4F42B362E2200918AFF /* TajMahal */ = {
			isa = PBXGroup;
			children = (
				590AD4F52B362E2200918AFF /* TajMahalApp.swift */,
				59C3CCE22B36F9EE0021961E /* Models */,
				590AD5072B36306100918AFF /* Views */,
				590AD5052B36301A00918AFF /* ViewModel.swift */,
				59493BC22B3C85BD00F8741E /* SwiftUI Extensions */,
				590AD50D2B3634EA00918AFF /* Supporting Files */,
				590AD4FB2B362E2400918AFF /* Preview Content */,
			);
			path = TajMahal;
			sourceTree = "<group>";
		};
		590AD4FB2B362E2400918AFF /* Preview Content */ = {
			isa = PBXGroup;
			children = (
				590AD4FC2B362E2400918AFF /* Preview Assets.xcassets */,
			);
			path = "Preview Content";
			sourceTree = "<group>";
		};
		590AD5072B36306100918AFF /* Views */ = {
			isa = PBXGroup;
			children = (
				59493BB52B3C6FFC00F8741E /* WelcomeViews */,
				592B753B2B3D9C12009B4486 /* MenuViews */,
				5901F3782B3EDFD900957463 /* DetailsViews */,
			);
			path = Views;
			sourceTree = "<group>";
		};
		590AD50D2B3634EA00918AFF /* Supporting Files */ = {
			isa = PBXGroup;
			children = (
				590AD4F92B362E2400918AFF /* Assets.xcassets */,
				590AD50C2B36346100918AFF /* Info.plist */,
				590AD50E2B363FCF00918AFF /* LaunchScreen.storyboard */,
				59493BBE2B3C768B00F8741E /* PlusJakartaSans-Medium.ttf */,
			);
			path = "Supporting Files";
			sourceTree = "<group>";
		};
		592B753B2B3D9C12009B4486 /* MenuViews */ = {
			isa = PBXGroup;
			children = (
				590AD50A2B36308A00918AFF /* MenuView.swift */,
				592B753C2B3D9C2D009B4486 /* MenuMealRowView.swift */,
				5901F3792B3EE2C200957463 /* MenuBackButton.swift */,
			);
			path = MenuViews;
			sourceTree = "<group>";
		};
		59493BB52B3C6FFC00F8741E /* WelcomeViews */ = {
			isa = PBXGroup;
			children = (
				590AD5082B36307500918AFF /* WelcomeView.swift */,
				59493BB62B3C702100F8741E /* HeaderView.swift */,
				59493BB82B3C719300F8741E /* RestaurantInfoView.swift */,
				59493BC32B3C888200F8741E /* MenuAccessButtonView.swift */,
			);
			path = WelcomeViews;
			sourceTree = "<group>";
		};
		59493BC22B3C85BD00F8741E /* SwiftUI Extensions */ = {
			isa = PBXGroup;
			children = (
				59493BC02B3C85AD00F8741E /* Text+CustomFonts.swift */,
			);
			path = "SwiftUI Extensions";
			sourceTree = "<group>";
		};
		59C3CCE22B36F9EE0021961E /* Models */ = {
			isa = PBXGroup;
			children = (
				590AD5032B362FF700918AFF /* Model.swift */,
			);
			path = Models;
			sourceTree = "<group>";
		};
/* End PBXGroup section */

/* Begin PBXNativeTarget section */
		590AD4F12B362E2200918AFF /* TajMahal */ = {
			isa = PBXNativeTarget;
			buildConfigurationList = 590AD5002B362E2400918AFF /* Build configuration list for PBXNativeTarget "TajMahal" */;
			buildPhases = (
				590AD4EE2B362E2200918AFF /* Sources */,
				590AD4EF2B362E2200918AFF /* Frameworks */,
				590AD4F02B362E2200918AFF /* Resources */,
			);
			buildRules = (
			);
			dependencies = (
			);
			name = TajMahal;
			productName = TajMahal;
			productReference = 590AD4F22B362E2200918AFF /* TajMahal.app */;
			productType = "com.apple.product-type.application";
		};
/* End PBXNativeTarget section */

/* Begin PBXProject section */
		590AD4EA2B362E2200918AFF /* Project object */ = {
			isa = PBXProject;
			attributes = {
				BuildIndependentTargetsInParallel = 1;
				LastSwiftUpdateCheck = 1510;
				LastUpgradeCheck = 1510;
				TargetAttributes = {
					590AD4F12B362E2200918AFF = {
						CreatedOnToolsVersion = 15.1;
					};
				};
			};
			buildConfigurationList = 590AD4ED2B362E2200918AFF /* Build configuration list for PBXProject "TajMahal" */;
			compatibilityVersion = "Xcode 14.0";
			developmentRegion = en;
			hasScannedForEncodings = 0;
			knownRegions = (
				en,
				Base,
			);
			mainGroup = 590AD4E92B362E2200918AFF;
			productRefGroup = 590AD4F32B362E2200918AFF /* Products */;
			projectDirPath = "";
			projectRoot = "";
			targets = (
				590AD4F12B362E2200918AFF /* TajMahal */,
			);
		};
/* End PBXProject section */

/* Begin PBXResourcesBuildPhase section */
		590AD4F02B362E2200918AFF /* Resources */ = {
			isa = PBXResourcesBuildPhase;
			buildActionMask = 2147483647;
			files = (
				590AD50F2B363FCF00918AFF /* LaunchScreen.storyboard in Resources */,
				590AD4FD2B362E2400918AFF /* Preview Assets.xcassets in Resources */,
				59493BBF2B3C768B00F8741E /* PlusJakartaSans-Medium.ttf in Resources */,
				590AD4FA2B362E2400918AFF /* Assets.xcassets in Resources */,
			);
			runOnlyForDeploymentPostprocessing = 0;
		};
/* End PBXResourcesBuildPhase section */

/* Begin PBXSourcesBuildPhase section */
		590AD4EE2B362E2200918AFF /* Sources */ = {
			isa = PBXSourcesBuildPhase;
			buildActionMask = 2147483647;
			files = (
				59493BC12B3C85AD00F8741E /* Text+CustomFonts.swift in Sources */,
				5901F37C2B3EE40500957463 /* DetailsView.swift in Sources */,
				5901F37E2B3EE42800957463 /* DetailsImageView.swift in Sources */,
				590AD5092B36307500918AFF /* WelcomeView.swift in Sources */,
				59493BB92B3C719300F8741E /* RestaurantInfoView.swift in Sources */,
				59493BB72B3C702100F8741E /* HeaderView.swift in Sources */,
				592B753D2B3D9C2D009B4486 /* MenuMealRowView.swift in Sources */,
				59493BC42B3C888200F8741E /* MenuAccessButtonView.swift in Sources */,
				590AD50B2B36308A00918AFF /* MenuView.swift in Sources */,
				590AD5042B362FF700918AFF /* Model.swift in Sources */,
				5901F3802B3EFAD400957463 /* DetailsDescriptionView.swift in Sources */,
				590AD5062B36301A00918AFF /* ViewModel.swift in Sources */,
				590AD4F62B362E2200918AFF /* TajMahalApp.swift in Sources */,
				5901F37A2B3EE2C200957463 /* MenuBackButton.swift in Sources */,
			);
			runOnlyForDeploymentPostprocessing = 0;
		};
/* End PBXSourcesBuildPhase section */

/* Begin XCBuildConfiguration section */
		590AD4FE2B362E2400918AFF /* Debug */ = {
			isa = XCBuildConfiguration;
			buildSettings = {
				ALWAYS_SEARCH_USER_PATHS = NO;
				ASSETCATALOG_COMPILER_GENERATE_SWIFT_ASSET_SYMBOL_EXTENSIONS = YES;
				CLANG_ANALYZER_NONNULL = YES;
				CLANG_ANALYZER_NUMBER_OBJECT_CONVERSION = YES_AGGRESSIVE;
				CLANG_CXX_LANGUAGE_STANDARD = "gnu++20";
				CLANG_ENABLE_MODULES = YES;
				CLANG_ENABLE_OBJC_ARC = YES;
				CLANG_ENABLE_OBJC_WEAK = YES;
				CLANG_WARN_BLOCK_CAPTURE_AUTORELEASING = YES;
				CLANG_WARN_BOOL_CONVERSION = YES;
				CLANG_WARN_COMMA = YES;
				CLANG_WARN_CONSTANT_CONVERSION = YES;
				CLANG_WARN_DEPRECATED_OBJC_IMPLEMENTATIONS = YES;
				CLANG_WARN_DIRECT_OBJC_ISA_USAGE = YES_ERROR;
				CLANG_WARN_DOCUMENTATION_COMMENTS = YES;
				CLANG_WARN_EMPTY_BODY = YES;
				CLANG_WARN_ENUM_CONVERSION = YES;
				CLANG_WARN_INFINITE_RECURSION = YES;
				CLANG_WARN_INT_CONVERSION = YES;
				CLANG_WARN_NON_LITERAL_NULL_CONVERSION = YES;
				CLANG_WARN_OBJC_IMPLICIT_RETAIN_SELF = YES;
				CLANG_WARN_OBJC_LITERAL_CONVERSION = YES;
				CLANG_WARN_OBJC_ROOT_CLASS = YES_ERROR;
				CLANG_WARN_QUOTED_INCLUDE_IN_FRAMEWORK_HEADER = YES;
				CLANG_WARN_RANGE_LOOP_ANALYSIS = YES;
				CLANG_WARN_STRICT_PROTOTYPES = YES;
				CLANG_WARN_SUSPICIOUS_MOVE = YES;
				CLANG_WARN_UNGUARDED_AVAILABILITY = YES_AGGRESSIVE;
				CLANG_WARN_UNREACHABLE_CODE = YES;
				CLANG_WARN__DUPLICATE_METHOD_MATCH = YES;
				COPY_PHASE_STRIP = NO;
				DEBUG_INFORMATION_FORMAT = dwarf;
				ENABLE_STRICT_OBJC_MSGSEND = YES;
				ENABLE_TESTABILITY = YES;
				ENABLE_USER_SCRIPT_SANDBOXING = YES;
				GCC_C_LANGUAGE_STANDARD = gnu17;
				GCC_DYNAMIC_NO_PIC = NO;
				GCC_NO_COMMON_BLOCKS = YES;
				GCC_OPTIMIZATION_LEVEL = 0;
				GCC_PREPROCESSOR_DEFINITIONS = (
					"DEBUG=1",
					"$(inherited)",
				);
				GCC_WARN_64_TO_32_BIT_CONVERSION = YES;
				GCC_WARN_ABOUT_RETURN_TYPE = YES_ERROR;
				GCC_WARN_UNDECLARED_SELECTOR = YES;
				GCC_WARN_UNINITIALIZED_AUTOS = YES_AGGRESSIVE;
				GCC_WARN_UNUSED_FUNCTION = YES;
				GCC_WARN_UNUSED_VARIABLE = YES;
				IPHONEOS_DEPLOYMENT_TARGET = 17.2;
				LOCALIZATION_PREFERS_STRING_CATALOGS = YES;
				MTL_ENABLE_DEBUG_INFO = INCLUDE_SOURCE;
				MTL_FAST_MATH = YES;
				ONLY_ACTIVE_ARCH = YES;
				SDKROOT = iphoneos;
				SWIFT_ACTIVE_COMPILATION_CONDITIONS = "DEBUG $(inherited)";
				SWIFT_OPTIMIZATION_LEVEL = "-Onone";
			};
			name = Debug;
		};
		590AD4FF2B362E2400918AFF /* Release */ = {
			isa = XCBuildConfiguration;
			buildSettings = {
				ALWAYS_SEARCH_USER_PATHS = NO;
				ASSETCATALOG_COMPILER_GENERATE_SWIFT_ASSET_SYMBOL_EXTENSIONS = YES;
				CLANG_ANALYZER_NONNULL = YES;
				CLANG_ANALYZER_NUMBER_OBJECT_CONVERSION = YES_AGGRESSIVE;
				CLANG_CXX_LANGUAGE_STANDARD = "gnu++20";
				CLANG_ENABLE_MODULES = YES;
				CLANG_ENABLE_OBJC_ARC = YES;
				CLANG_ENABLE_OBJC_WEAK = YES;
				CLANG_WARN_BLOCK_CAPTURE_AUTORELEASING = YES;
				CLANG_WARN_BOOL_CONVERSION = YES;
				CLANG_WARN_COMMA = YES;
				CLANG_WARN_CONSTANT_CONVERSION = YES;
				CLANG_WARN_DEPRECATED_OBJC_IMPLEMENTATIONS = YES;
				CLANG_WARN_DIRECT_OBJC_ISA_USAGE = YES_ERROR;
				CLANG_WARN_DOCUMENTATION_COMMENTS = YES;
				CLANG_WARN_EMPTY_BODY = YES;
				CLANG_WARN_ENUM_CONVERSION = YES;
				CLANG_WARN_INFINITE_RECURSION = YES;
				CLANG_WARN_INT_CONVERSION = YES;
				CLANG_WARN_NON_LITERAL_NULL_CONVERSION = YES;
				CLANG_WARN_OBJC_IMPLICIT_RETAIN_SELF = YES;
				CLANG_WARN_OBJC_LITERAL_CONVERSION = YES;
				CLANG_WARN_OBJC_ROOT_CLASS = YES_ERROR;
				CLANG_WARN_QUOTED_INCLUDE_IN_FRAMEWORK_HEADER = YES;
				CLANG_WARN_RANGE_LOOP_ANALYSIS = YES;
				CLANG_WARN_STRICT_PROTOTYPES = YES;
				CLANG_WARN_SUSPICIOUS_MOVE = YES;
				CLANG_WARN_UNGUARDED_AVAILABILITY = YES_AGGRESSIVE;
				CLANG_WARN_UNREACHABLE_CODE = YES;
				CLANG_WARN__DUPLICATE_METHOD_MATCH = YES;
				COPY_PHASE_STRIP = NO;
				DEBUG_INFORMATION_FORMAT = "dwarf-with-dsym";
				ENABLE_NS_ASSERTIONS = NO;
				ENABLE_STRICT_OBJC_MSGSEND = YES;
				ENABLE_USER_SCRIPT_SANDBOXING = YES;
				GCC_C_LANGUAGE_STANDARD = gnu17;
				GCC_NO_COMMON_BLOCKS = YES;
				GCC_WARN_64_TO_32_BIT_CONVERSION = YES;
				GCC_WARN_ABOUT_RETURN_TYPE = YES_ERROR;
				GCC_WARN_UNDECLARED_SELECTOR = YES;
				GCC_WARN_UNINITIALIZED_AUTOS = YES_AGGRESSIVE;
				GCC_WARN_UNUSED_FUNCTION = YES;
				GCC_WARN_UNUSED_VARIABLE = YES;
				IPHONEOS_DEPLOYMENT_TARGET = 17.2;
				LOCALIZATION_PREFERS_STRING_CATALOGS = YES;
				MTL_ENABLE_DEBUG_INFO = NO;
				MTL_FAST_MATH = YES;
				SDKROOT = iphoneos;
				SWIFT_COMPILATION_MODE = wholemodule;
				VALIDATE_PRODUCT = YES;
			};
			name = Release;
		};
		590AD5012B362E2400918AFF /* Debug */ = {
			isa = XCBuildConfiguration;
			buildSettings = {
				ASSETCATALOG_COMPILER_APPICON_NAME = AppIcon;
				ASSETCATALOG_COMPILER_GLOBAL_ACCENT_COLOR_NAME = AccentColor;
				CODE_SIGN_STYLE = Automatic;
				CURRENT_PROJECT_VERSION = 1;
				DEVELOPMENT_ASSET_PATHS = "\"TajMahal/Preview Content\"";
				DEVELOPMENT_TEAM = S25TANK5XP;
				ENABLE_PREVIEWS = YES;
				GENERATE_INFOPLIST_FILE = YES;
				INFOPLIST_FILE = "TajMahal/Supporting Files/Info.plist";
				INFOPLIST_KEY_UIApplicationSceneManifest_Generation = YES;
				INFOPLIST_KEY_UIApplicationSupportsIndirectInputEvents = YES;
				INFOPLIST_KEY_UILaunchStoryboardName = LaunchScreen.storyboard;
				INFOPLIST_KEY_UISupportedInterfaceOrientations_iPad = "UIInterfaceOrientationPortrait UIInterfaceOrientationPortraitUpsideDown UIInterfaceOrientationLandscapeLeft UIInterfaceOrientationLandscapeRight";
				INFOPLIST_KEY_UISupportedInterfaceOrientations_iPhone = "UIInterfaceOrientationPortrait UIInterfaceOrientationLandscapeLeft UIInterfaceOrientationLandscapeRight";
				LD_RUNPATH_SEARCH_PATHS = (
					"$(inherited)",
					"@executable_path/Frameworks",
				);
				MARKETING_VERSION = 1.0;
				PRODUCT_BUNDLE_IDENTIFIER = com.walimaloui.TajMahal;
				PRODUCT_NAME = "$(TARGET_NAME)";
				SWIFT_EMIT_LOC_STRINGS = YES;
				SWIFT_VERSION = 5.0;
				TARGETED_DEVICE_FAMILY = "1,2";
			};
			name = Debug;
		};
		590AD5022B362E2400918AFF /* Release */ = {
			isa = XCBuildConfiguration;
			buildSettings = {
				ASSETCATALOG_COMPILER_APPICON_NAME = AppIcon;
				ASSETCATALOG_COMPILER_GLOBAL_ACCENT_COLOR_NAME = AccentColor;
				CODE_SIGN_STYLE = Automatic;
				CURRENT_PROJECT_VERSION = 1;
				DEVELOPMENT_ASSET_PATHS = "\"TajMahal/Preview Content\"";
				DEVELOPMENT_TEAM = S25TANK5XP;
				ENABLE_PREVIEWS = YES;
				GENERATE_INFOPLIST_FILE = YES;
				INFOPLIST_FILE = "TajMahal/Supporting Files/Info.plist";
				INFOPLIST_KEY_UIApplicationSceneManifest_Generation = YES;
				INFOPLIST_KEY_UIApplicationSupportsIndirectInputEvents = YES;
				INFOPLIST_KEY_UILaunchStoryboardName = LaunchScreen.storyboard;
				INFOPLIST_KEY_UISupportedInterfaceOrientations_iPad = "UIInterfaceOrientationPortrait UIInterfaceOrientationPortraitUpsideDown UIInterfaceOrientationLandscapeLeft UIInterfaceOrientationLandscapeRight";
				INFOPLIST_KEY_UISupportedInterfaceOrientations_iPhone = "UIInterfaceOrientationPortrait UIInterfaceOrientationLandscapeLeft UIInterfaceOrientationLandscapeRight";
				LD_RUNPATH_SEARCH_PATHS = (
					"$(inherited)",
					"@executable_path/Frameworks",
				);
				MARKETING_VERSION = 1.0;
				PRODUCT_BUNDLE_IDENTIFIER = com.walimaloui.TajMahal;
				PRODUCT_NAME = "$(TARGET_NAME)";
				SWIFT_EMIT_LOC_STRINGS = YES;
				SWIFT_VERSION = 5.0;
				TARGETED_DEVICE_FAMILY = "1,2";
			};
			name = Release;
		};
/* End XCBuildConfiguration section */

/* Begin XCConfigurationList section */
		590AD4ED2B362E2200918AFF /* Build configuration list for PBXProject "TajMahal" */ = {
			isa = XCConfigurationList;
			buildConfigurations = (
				590AD4FE2B362E2400918AFF /* Debug */,
				590AD4FF2B362E2400918AFF /* Release */,
			);
			defaultConfigurationIsVisible = 0;
			defaultConfigurationName = Release;
		};
		590AD5002B362E2400918AFF /* Build configuration list for PBXNativeTarget "TajMahal" */ = {
			isa = XCConfigurationList;
			buildConfigurations = (
				590AD5012B362E2400918AFF /* Debug */,
				590AD5022B362E2400918AFF /* Release */,
			);
			defaultConfigurationIsVisible = 0;
			defaultConfigurationName = Release;
		};
/* End XCConfigurationList section */
	};
	rootObject = 590AD4EA2B362E2200918AFF /* Project object */;
}
